
Microsoft Visual Studio Solution File, Format Version 12.00
# Visual Studio 15
VisualStudioVersion = 15.0.26430.15
MinimumVisualStudioVersion = 10.0.40219.1
Project("{8BC9CEB8-8B4A-11D0-8D11-00A0C91BC942}") = "Particle Systems", "Particle Systems\Particle Systems.vcxproj", "{5792957E-4F08-4FBC-921F-AB59DAA74366}"
EndProject
Project("{8BC9CEB8-8B4A-11D0-8D11-00A0C91BC942}") = "Vulkan Standalone Scene", "Vulkan Standalone Scene\Vulkan Standalone Scene.vcxproj", "{E28D9CBE-BF8A-40BF-88B3-1598EB46A175}"
EndProject
Project("{8BC9CEB8-8B4A-11D0-8D11-00A0C91BC942}") = "Input", "Input\Input.vcxproj", "{4EDA500A-677F-4D42-833A-024249D70B00}"
EndProject
Project("{8BC9CEB8-8B4A-11D0-8D11-00A0C91BC942}") = "nclgl", "nclgl\nclgl.vcxproj", "{98D6B51B-CB0A-4389-ADC6-24082B967C3F}"
EndProject
Project("{8BC9CEB8-8B4A-11D0-8D11-00A0C91BC942}") = "OpenGL Standalone Scene", "Graphics Coursework\GraphicsCoursework.vcxproj", "{909A2CFC-6E55-4776-8B60-93B44103A9CF}"
EndProject
Global
	GlobalSection(SolutionConfigurationPlatforms) = preSolution
		Debug|x86 = Debug|x86
		Release|x86 = Release|x86
	EndGlobalSection
	GlobalSection(ProjectConfigurationPlatforms) = postSolution
		{5792957E-4F08-4FBC-921F-AB59DAA74366}.Debug|x86.ActiveCfg = Debug|Win32
		{5792957E-4F08-4FBC-921F-AB59DAA74366}.Debug|x86.Build.0 = Debug|Win32
		{5792957E-4F08-4FBC-921F-AB59DAA74366}.Release|x86.ActiveCfg = Release|Win32
		{5792957E-4F08-4FBC-921F-AB59DAA74366}.Release|x86.Build.0 = Release|Win32
		{E28D9CBE-BF8A-40BF-88B3-1598EB46A175}.Debug|x86.ActiveCfg = Debug|Win32
		{E28D9CBE-BF8A-40BF-88B3-1598EB46A175}.Debug|x86.Build.0 = Debug|Win32
		{E28D9CBE-BF8A-40BF-88B3-1598EB46A175}.Release|x86.ActiveCfg = Release|Win32
		{E28D9CBE-BF8A-40BF-88B3-1598EB46A175}.Release|x86.Build.0 = Release|Win32
		{4EDA500A-677F-4D42-833A-024249D70B00}.Debug|x86.ActiveCfg = Debug|Win32
		{4EDA500A-677F-4D42-833A-024249D70B00}.Debug|x86.Build.0 = Debug|Win32
		{4EDA500A-677F-4D42-833A-024249D70B00}.Release|x86.ActiveCfg = Release|Win32
		{4EDA500A-677F-4D42-833A-024249D70B00}.Release|x86.Build.0 = Release|Win32
		{98D6B51B-CB0A-4389-ADC6-24082B967C3F}.Debug|x86.ActiveCfg = Debug|Win32
		{98D6B51B-CB0A-4389-ADC6-24082B967C3F}.Debug|x86.Build.0 = Debug|Win32
		{98D6B51B-CB0A-4389-ADC6-24082B967C3F}.Release|x86.ActiveCfg = Release|Win32
		{98D6B51B-CB0A-4389-ADC6-24082B967C3F}.Release|x86.Build.0 = Release|Win32
		{909A2CFC-6E55-4776-8B60-93B44103A9CF}.Debug|x86.ActiveCfg = Debug|Win32
		{909A2CFC-6E55-4776-8B60-93B44103A9CF}.Debug|x86.Build.0 = Debug|Win32
		{909A2CFC-6E55-4776-8B60-93B44103A9CF}.Release|x86.ActiveCfg = Release|Win32
		{909A2CFC-6E55-4776-8B60-93B44103A9CF}.Release|x86.Build.0 = Release|Win32
	EndGlobalSection
	GlobalSection(SolutionProperties) = preSolution
		HideSolutionNode = FALSE
	EndGlobalSection
EndGlobal
